
Microsoft Visual Studio Solution File, Format Version 12.00
# Visual Studio Version 17
VisualStudioVersion = 17.0.32112.339
MinimumVisualStudioVersion = 10.0.40219.1
Project("{FAE04EC0-301F-11D3-BF4B-00C04F79EFBC}") = "0402", "0402\0402.csproj", "{EFFA961F-AF41-4962-BAAE-5138012A26D1}"
EndProject
Global
	GlobalSection(SolutionConfigurationPlatforms) = preSolution
		Debug|Any CPU = Debug|Any CPU
		Release|Any CPU = Release|Any CPU
	EndGlobalSection
	GlobalSection(ProjectConfigurationPlatforms) = postSolution
		{EFFA961F-AF41-4962-BAAE-5138012A26D1}.Debug|Any CPU.ActiveCfg = Debug|Any CPU
		{EFFA961F-AF41-4962-BAAE-5138012A26D1}.Debug|Any CPU.Build.0 = Debug|Any CPU
		{EFFA961F-AF41-4962-BAAE-5138012A26D1}.Release|Any CPU.ActiveCfg = Release|Any CPU
		{EFFA961F-AF41-4962-BAAE-5138012A26D1}.Release|Any CPU.Build.0 = Release|Any CPU
	EndGlobalSection
	GlobalSection(SolutionProperties) = preSolution
		HideSolutionNode = FALSE
	EndGlobalSection
	GlobalSection(ExtensibilityGlobals) = postSolution
		SolutionGuid = {7CA725F4-2DE4-4239-A36A-3836F2C085E3}
	EndGlobalSection
EndGlobal
